
Microsoft Visual Studio Solution File, Format Version 12.00
# Visual Studio Version 17
VisualStudioVersion = 17.3.32825.248
MinimumVisualStudioVersion = 10.0.40219.1
Project("{FAE04EC0-301F-11D3-BF4B-00C04F79EFBC}") = "SongWPF", "SongWPF\SongWPF.csproj", "{7FCE2BA4-41D5-4A31-8EEA-73D7709A0035}"
EndProject
Global
	GlobalSection(SolutionConfigurationPlatforms) = preSolution
		Debug|Any CPU = Debug|Any CPU
		Release|Any CPU = Release|Any CPU
	EndGlobalSection
	GlobalSection(ProjectConfigurationPlatforms) = postSolution
		{7FCE2BA4-41D5-4A31-8EEA-73D7709A0035}.Debug|Any CPU.ActiveCfg = Debug|Any CPU
		{7FCE2BA4-41D5-4A31-8EEA-73D7709A0035}.Debug|Any CPU.Build.0 = Debug|Any CPU
		{7FCE2BA4-41D5-4A31-8EEA-73D7709A0035}.Release|Any CPU.ActiveCfg = Release|Any CPU
		{7FCE2BA4-41D5-4A31-8EEA-73D7709A0035}.Release|Any CPU.Build.0 = Release|Any CPU
	EndGlobalSection
	GlobalSection(SolutionProperties) = preSolution
		HideSolutionNode = FALSE
	EndGlobalSection
	GlobalSection(ExtensibilityGlobals) = postSolution
		SolutionGuid = {F9D97617-EDA7-40B8-B45D-E504AF54453C}
	EndGlobalSection
EndGlobal
